
Microsoft Visual Studio Solution File, Format Version 12.00
# Visual Studio Version 17
VisualStudioVersion = 17.14.36301.6 d17.14
MinimumVisualStudioVersion = 10.0.40219.1
Project("{FAE04EC0-301F-11D3-BF4B-00C04F79EFBC}") = "SplitBuddies.App", "SplitBuddies.App\SplitBuddies.App.csproj", "{AD041214-1E20-4934-AAC2-58D5F71F3A78}"
EndProject
Global
	GlobalSection(SolutionConfigurationPlatforms) = preSolution
		Debug|Any CPU = Debug|Any CPU
		Release|Any CPU = Release|Any CPU
	EndGlobalSection
	GlobalSection(ProjectConfigurationPlatforms) = postSolution
		{AD041214-1E20-4934-AAC2-58D5F71F3A78}.Debug|Any CPU.ActiveCfg = Debug|Any CPU
		{AD041214-1E20-4934-AAC2-58D5F71F3A78}.Debug|Any CPU.Build.0 = Debug|Any CPU
		{AD041214-1E20-4934-AAC2-58D5F71F3A78}.Release|Any CPU.ActiveCfg = Release|Any CPU
		{AD041214-1E20-4934-AAC2-58D5F71F3A78}.Release|Any CPU.Build.0 = Release|Any CPU
	EndGlobalSection
	GlobalSection(SolutionProperties) = preSolution
		HideSolutionNode = FALSE
	EndGlobalSection
	GlobalSection(ExtensibilityGlobals) = postSolution
		SolutionGuid = {CE2698FD-6ED0-4A25-9201-941052477639}
	EndGlobalSection
EndGlobal
